
Microsoft Visual Studio Solution File, Format Version 12.00
# Visual Studio Version 17
VisualStudioVersion = 17.0.31919.166
MinimumVisualStudioVersion = 10.0.40219.1
Project("{FAE04EC0-301F-11D3-BF4B-00C04F79EFBC}") = "SonarSweep", "SonarSweep\SonarSweep.csproj", "{F43B1FBC-F375-4B3D-B115-EF3E2369D335}"
EndProject
Global
	GlobalSection(SolutionConfigurationPlatforms) = preSolution
		Debug|Any CPU = Debug|Any CPU
		Release|Any CPU = Release|Any CPU
	EndGlobalSection
	GlobalSection(ProjectConfigurationPlatforms) = postSolution
		{F43B1FBC-F375-4B3D-B115-EF3E2369D335}.Debug|Any CPU.ActiveCfg = Debug|Any CPU
		{F43B1FBC-F375-4B3D-B115-EF3E2369D335}.Debug|Any CPU.Build.0 = Debug|Any CPU
		{F43B1FBC-F375-4B3D-B115-EF3E2369D335}.Release|Any CPU.ActiveCfg = Release|Any CPU
		{F43B1FBC-F375-4B3D-B115-EF3E2369D335}.Release|Any CPU.Build.0 = Release|Any CPU
	EndGlobalSection
	GlobalSection(SolutionProperties) = preSolution
		HideSolutionNode = FALSE
	EndGlobalSection
	GlobalSection(ExtensibilityGlobals) = postSolution
		SolutionGuid = {E85677B8-C8E4-4D4E-9D89-93FEC433607B}
	EndGlobalSection
EndGlobal
